
Microsoft Visual Studio Solution File, Format Version 12.00
# Visual Studio Version 17
VisualStudioVersion = 17.14.36915.13 d17.14
MinimumVisualStudioVersion = 10.0.40219.1
Project("{FAE04EC0-301F-11D3-BF4B-00C04F79EFBC}") = "EMS.API", "EMS.API\EMS.API.csproj", "{EC436D48-F37E-4193-B61A-7B6D83599E13}"
EndProject
Global
	GlobalSection(SolutionConfigurationPlatforms) = preSolution
		Debug|Any CPU = Debug|Any CPU
		Release|Any CPU = Release|Any CPU
	EndGlobalSection
	GlobalSection(ProjectConfigurationPlatforms) = postSolution
		{EC436D48-F37E-4193-B61A-7B6D83599E13}.Debug|Any CPU.ActiveCfg = Debug|Any CPU
		{EC436D48-F37E-4193-B61A-7B6D83599E13}.Debug|Any CPU.Build.0 = Debug|Any CPU
		{EC436D48-F37E-4193-B61A-7B6D83599E13}.Release|Any CPU.ActiveCfg = Release|Any CPU
		{EC436D48-F37E-4193-B61A-7B6D83599E13}.Release|Any CPU.Build.0 = Release|Any CPU
	EndGlobalSection
	GlobalSection(SolutionProperties) = preSolution
		HideSolutionNode = FALSE
	EndGlobalSection
	GlobalSection(ExtensibilityGlobals) = postSolution
		SolutionGuid = {FE1D956D-0376-48D0-A63B-2D09FDFAEE2D}
	EndGlobalSection
EndGlobal
